// !$*UTF8*$!
{
	archiveVersion = 1;
	classes = {
	};
	objectVersion = 50;
	objects = {

/* Begin PBXBuildFile section */
		97E8D281B410630AC1927439 /* Pods_SimpleStoreWithRxSwift.framework in Frameworks */ = {isa = PBXBuildFile; fileRef = B0832974F61DBB9D7E705E9F /* Pods_SimpleStoreWithRxSwift.framework */; };
		FA0AAF7723CB731B00837EB1 /* AppDelegate.swift in Sources */ = {isa = PBXBuildFile; fileRef = FA0AAF7623CB731B00837EB1 /* AppDelegate.swift */; };
		FA0AAF7923CB731B00837EB1 /* SceneDelegate.swift in Sources */ = {isa = PBXBuildFile; fileRef = FA0AAF7823CB731B00837EB1 /* SceneDelegate.swift */; };
		FA0AAF7B23CB731B00837EB1 /* ViewController.swift in Sources */ = {isa = PBXBuildFile; fileRef = FA0AAF7A23CB731B00837EB1 /* ViewController.swift */; };
		FA0AAF7E23CB731B00837EB1 /* Main.storyboard in Resources */ = {isa = PBXBuildFile; fileRef = FA0AAF7C23CB731B00837EB1 /* Main.storyboard */; };
		FA0AAF8123CB731B00837EB1 /* SimpleStoreWithRxSwift.xcdatamodeld in Sources */ = {isa = PBXBuildFile; fileRef = FA0AAF7F23CB731B00837EB1 /* SimpleStoreWithRxSwift.xcdatamodeld */; };
		FA0AAF8323CB731D00837EB1 /* Assets.xcassets in Resources */ = {isa = PBXBuildFile; fileRef = FA0AAF8223CB731D00837EB1 /* Assets.xcassets */; };
		FA0AAF8623CB731D00837EB1 /* LaunchScreen.storyboard in Resources */ = {isa = PBXBuildFile; fileRef = FA0AAF8423CB731D00837EB1 /* LaunchScreen.storyboard */; };
		FA5A963F23CB99FC0050EB2D /* Cell.swift in Sources */ = {isa = PBXBuildFile; fileRef = FA5A963E23CB99FC0050EB2D /* Cell.swift */; };
		FA5A964123CBA0CA0050EB2D /* Product.swift in Sources */ = {isa = PBXBuildFile; fileRef = FA5A964023CBA0CA0050EB2D /* Product.swift */; };
/* End PBXBuildFile section */

/* Begin PBXCopyFilesBuildPhase section */
		FA5A964B23CBAC2B0050EB2D /* Embed Frameworks */ = {
			isa = PBXCopyFilesBuildPhase;
			buildActionMask = 2147483647;
			dstPath = "";
			dstSubfolderSpec = 10;
			files = (
			);
			name = "Embed Frameworks";
			runOnlyForDeploymentPostprocessing = 0;
		};
/* End PBXCopyFilesBuildPhase section */

/* Begin PBXFileReference section */
		5F3F409DC750ACB8ADA9F64D /* Pods-SimpleStoreWithRxSwift.release.xcconfig */ = {isa = PBXFileReference; includeInIndex = 1; lastKnownFileType = text.xcconfig; name = "Pods-SimpleStoreWithRxSwift.release.xcconfig"; path = "Pods/Target Support Files/Pods-SimpleStoreWithRxSwift/Pods-SimpleStoreWithRxSwift.release.xcconfig"; sourceTree = "<group>"; };
		9A1EB4C1AD4F7415900AAEAC /* Pods-SimpleStoreWithRxSwift.debug.xcconfig */ = {isa = PBXFileReference; includeInIndex = 1; lastKnownFileType = text.xcconfig; name = "Pods-SimpleStoreWithRxSwift.debug.xcconfig"; path = "Pods/Target Support Files/Pods-SimpleStoreWithRxSwift/Pods-SimpleStoreWithRxSwift.debug.xcconfig"; sourceTree = "<group>"; };
		B0832974F61DBB9D7E705E9F /* Pods_SimpleStoreWithRxSwift.framework */ = {isa = PBXFileReference; explicitFileType = wrapper.framework; includeInIndex = 0; path = Pods_SimpleStoreWithRxSwift.framework; sourceTree = BUILT_PRODUCTS_DIR; };
		FA0AAF7323CB731B00837EB1 /* SimpleStoreWithRxSwift.app */ = {isa = PBXFileReference; explicitFileType = wrapper.application; includeInIndex = 0; path = SimpleStoreWithRxSwift.app; sourceTree = BUILT_PRODUCTS_DIR; };
		FA0AAF7623CB731B00837EB1 /* AppDelegate.swift */ = {isa = PBXFileReference; lastKnownFileType = sourcecode.swift; path = AppDelegate.swift; sourceTree = "<group>"; };
		FA0AAF7823CB731B00837EB1 /* SceneDelegate.swift */ = {isa = PBXFileReference; lastKnownFileType = sourcecode.swift; path = SceneDelegate.swift; sourceTree = "<group>"; };
		FA0AAF7A23CB731B00837EB1 /* ViewController.swift */ = {isa = PBXFileReference; lastKnownFileType = sourcecode.swift; path = ViewController.swift; sourceTree = "<group>"; };
		FA0AAF7D23CB731B00837EB1 /* Base */ = {isa = PBXFileReference; lastKnownFileType = file.storyboard; name = Base; path = Base.lproj/Main.storyboard; sourceTree = "<group>"; };
		FA0AAF8023CB731B00837EB1 /* SimpleStoreWithRxSwift.xcdatamodel */ = {isa = PBXFileReference; lastKnownFileType = wrapper.xcdatamodel; path = SimpleStoreWithRxSwift.xcdatamodel; sourceTree = "<group>"; };
		FA0AAF8223CB731D00837EB1 /* Assets.xcassets */ = {isa = PBXFileReference; lastKnownFileType = folder.assetcatalog; path = Assets.xcassets; sourceTree = "<group>"; };
		FA0AAF8523CB731D00837EB1 /* Base */ = {isa = PBXFileReference; lastKnownFileType = file.storyboard; name = Base; path = Base.lproj/LaunchScreen.storyboard; sourceTree = "<group>"; };
		FA0AAF8723CB731D00837EB1 /* Info.plist */ = {isa = PBXFileReference; lastKnownFileType = text.plist.xml; path = Info.plist; sourceTree = "<group>"; };
		FA5A963E23CB99FC0050EB2D /* Cell.swift */ = {isa = PBXFileReference; lastKnownFileType = sourcecode.swift; path = Cell.swift; sourceTree = "<group>"; };
		FA5A964023CBA0CA0050EB2D /* Product.swift */ = {isa = PBXFileReference; lastKnownFileType = sourcecode.swift; path = Product.swift; sourceTree = "<group>"; };
/* End PBXFileReference section */

/* Begin PBXFrameworksBuildPhase section */
		FA0AAF7023CB731B00837EB1 /* Frameworks */ = {
			isa = PBXFrameworksBuildPhase;
			buildActionMask = 2147483647;
			files = (
				97E8D281B410630AC1927439 /* Pods_SimpleStoreWithRxSwift.framework in Frameworks */,
			);
			runOnlyForDeploymentPostprocessing = 0;
		};
/* End PBXFrameworksBuildPhase section */

/* Begin PBXGroup section */
		1CC0FA915C59CC9F256B445E /* Frameworks */ = {
			isa = PBXGroup;
			children = (
				B0832974F61DBB9D7E705E9F /* Pods_SimpleStoreWithRxSwift.framework */,
			);
			name = Frameworks;
			sourceTree = "<group>";
		};
		2AF2CC8E3C23743BE30C4F0E /* Pods */ = {
			isa = PBXGroup;
			children = (
				9A1EB4C1AD4F7415900AAEAC /* Pods-SimpleStoreWithRxSwift.debug.xcconfig */,
				5F3F409DC750ACB8ADA9F64D /* Pods-SimpleStoreWithRxSwift.release.xcconfig */,
			);
			name = Pods;
			sourceTree = "<group>";
		};
		FA0AAF6A23CB731B00837EB1 = {
			isa = PBXGroup;
			children = (
				FA0AAF7523CB731B00837EB1 /* SimpleStoreWithRxSwift */,
				FA0AAF7423CB731B00837EB1 /* Products */,
				2AF2CC8E3C23743BE30C4F0E /* Pods */,
				1CC0FA915C59CC9F256B445E /* Frameworks */,
			);
			sourceTree = "<group>";
		};
		FA0AAF7423CB731B00837EB1 /* Products */ = {
			isa = PBXGroup;
			children = (
				FA0AAF7323CB731B00837EB1 /* SimpleStoreWithRxSwift.app */,
			);
			name = Products;
			sourceTree = "<group>";
		};
		FA0AAF7523CB731B00837EB1 /* SimpleStoreWithRxSwift */ = {
			isa = PBXGroup;
			children = (
				FA0AAF7623CB731B00837EB1 /* AppDelegate.swift */,
				FA0AAF7823CB731B00837EB1 /* SceneDelegate.swift */,
				FA0AAF7A23CB731B00837EB1 /* ViewController.swift */,
				FA5A964023CBA0CA0050EB2D /* Product.swift */,
				FA0AAF7C23CB731B00837EB1 /* Main.storyboard */,
				FA5A963E23CB99FC0050EB2D /* Cell.swift */,
				FA0AAF8223CB731D00837EB1 /* Assets.xcassets */,
				FA0AAF8423CB731D00837EB1 /* LaunchScreen.storyboard */,
				FA0AAF8723CB731D00837EB1 /* Info.plist */,
				FA0AAF7F23CB731B00837EB1 /* SimpleStoreWithRxSwift.xcdatamodeld */,
			);
			path = SimpleStoreWithRxSwift;
			sourceTree = "<group>";
		};
/* End PBXGroup section */

/* Begin PBXNativeTarget section */
		FA0AAF7223CB731B00837EB1 /* SimpleStoreWithRxSwift */ = {
			isa = PBXNativeTarget;
			buildConfigurationList = FA0AAF8A23CB731D00837EB1 /* Build configuration list for PBXNativeTarget "SimpleStoreWithRxSwift" */;
			buildPhases = (
				8A98DCBB6C089ECB5BDD383F /* [CP] Check Pods Manifest.lock */,
				FA0AAF6F23CB731B00837EB1 /* Sources */,
				FA0AAF7023CB731B00837EB1 /* Frameworks */,
				FA0AAF7123CB731B00837EB1 /* Resources */,
				FA5A964B23CBAC2B0050EB2D /* Embed Frameworks */,
				960D34CCD6D8E358A5D54D8B /* [CP] Embed Pods Frameworks */,
			);
			buildRules = (
			);
			dependencies = (
			);
			name = SimpleStoreWithRxSwift;
			productName = SimpleStoreWithRxSwift;
			productReference = FA0AAF7323CB731B00837EB1 /* SimpleStoreWithRxSwift.app */;
			productType = "com.apple.product-type.application";
		};
/* End PBXNativeTarget section */

/* Begin PBXProject section */
		FA0AAF6B23CB731B00837EB1 /* Project object */ = {
			isa = PBXProject;
			attributes = {
				LastSwiftUpdateCheck = 1130;
				LastUpgradeCheck = 1130;
				ORGANIZATIONNAME = "Алексей";
				TargetAttributes = {
					FA0AAF7223CB731B00837EB1 = {
						CreatedOnToolsVersion = 11.3;
					};
				};
			};
			buildConfigurationList = FA0AAF6E23CB731B00837EB1 /* Build configuration list for PBXProject "SimpleStoreWithRxSwift" */;
			compatibilityVersion = "Xcode 9.3";
			developmentRegion = en;
			hasScannedForEncodings = 0;
			knownRegions = (
				en,
				Base,
			);
			mainGroup = FA0AAF6A23CB731B00837EB1;
			productRefGroup = FA0AAF7423CB731B00837EB1 /* Products */;
			projectDirPath = "";
			projectRoot = "";
			targets = (
				FA0AAF7223CB731B00837EB1 /* SimpleStoreWithRxSwift */,
			);
		};
/* End PBXProject section */

/* Begin PBXResourcesBuildPhase section */
		FA0AAF7123CB731B00837EB1 /* Resources */ = {
			isa = PBXResourcesBuildPhase;
			buildActionMask = 2147483647;
			files = (
				FA0AAF8623CB731D00837EB1 /* LaunchScreen.storyboard in Resources */,
				FA0AAF8323CB731D00837EB1 /* Assets.xcassets in Resources */,
				FA0AAF7E23CB731B00837EB1 /* Main.storyboard in Resources */,
			);
			runOnlyForDeploymentPostprocessing = 0;
		};
/* End PBXResourcesBuildPhase section */

/* Begin PBXShellScriptBuildPhase section */
		8A98DCBB6C089ECB5BDD383F /* [CP] Check Pods Manifest.lock */ = {
			isa = PBXShellScriptBuildPhase;
			buildActionMask = 2147483647;
			files = (
			);
			inputPaths = (
				"${PODS_PODFILE_DIR_PATH}/Podfile.lock",
				"${PODS_ROOT}/Manifest.lock",
			);
			name = "[CP] Check Pods Manifest.lock";
			outputPaths = (
				"$(DERIVED_FILE_DIR)/Pods-SimpleStoreWithRxSwift-checkManifestLockResult.txt",
			);
			runOnlyForDeploymentPostprocessing = 0;
			shellPath = /bin/sh;
			shellScript = "diff \"${PODS_PODFILE_DIR_PATH}/Podfile.lock\" \"${PODS_ROOT}/Manifest.lock\" > /dev/null\nif [ $? != 0 ] ; then\n    # print error to STDERR\n    echo \"error: The sandbox is not in sync with the Podfile.lock. Run 'pod install' or update your CocoaPods installation.\" >&2\n    exit 1\nfi\n# This output is used by Xcode 'outputs' to avoid re-running this script phase.\necho \"SUCCESS\" > \"${SCRIPT_OUTPUT_FILE_0}\"\n";
			showEnvVarsInLog = 0;
		};
		960D34CCD6D8E358A5D54D8B /* [CP] Embed Pods Frameworks */ = {
			isa = PBXShellScriptBuildPhase;
			buildActionMask = 2147483647;
			files = (
			);
			inputPaths = (
				"${SRCROOT}/Pods/Target Support Files/Pods-SimpleStoreWithRxSwift/Pods-SimpleStoreWithRxSwift-frameworks.sh",
				"${BUILT_PRODUCTS_DIR}/RxCocoa/RxCocoa.framework",
				"${BUILT_PRODUCTS_DIR}/RxRelay/RxRelay.framework",
				"${BUILT_PRODUCTS_DIR}/RxSwift/RxSwift.framework",
			);
			name = "[CP] Embed Pods Frameworks";
			outputPaths = (
				"${TARGET_BUILD_DIR}/${FRAMEWORKS_FOLDER_PATH}/RxCocoa.framework",
				"${TARGET_BUILD_DIR}/${FRAMEWORKS_FOLDER_PATH}/RxRelay.framework",
				"${TARGET_BUILD_DIR}/${FRAMEWORKS_FOLDER_PATH}/RxSwift.framework",
			);
			runOnlyForDeploymentPostprocessing = 0;
			shellPath = /bin/sh;
			shellScript = "\"${SRCROOT}/Pods/Target Support Files/Pods-SimpleStoreWithRxSwift/Pods-SimpleStoreWithRxSwift-frameworks.sh\"\n";
			showEnvVarsInLog = 0;
		};
/* End PBXShellScriptBuildPhase section */

/* Begin PBXSourcesBuildPhase section */
		FA0AAF6F23CB731B00837EB1 /* Sources */ = {
			isa = PBXSourcesBuildPhase;
			buildActionMask = 2147483647;
			files = (
				FA0AAF7B23CB731B00837EB1 /* ViewController.swift in Sources */,
				FA0AAF8123CB731B00837EB1 /* SimpleStoreWithRxSwift.xcdatamodeld in Sources */,
				FA5A963F23CB99FC0050EB2D /* Cell.swift in Sources */,
				FA0AAF7723CB731B00837EB1 /* AppDelegate.swift in Sources */,
				FA0AAF7923CB731B00837EB1 /* SceneDelegate.swift in Sources */,
				FA5A964123CBA0CA0050EB2D /* Product.swift in Sources */,
			);
			runOnlyForDeploymentPostprocessing = 0;
		};
/* End PBXSourcesBuildPhase section */

/* Begin PBXVariantGroup section */
		FA0AAF7C23CB731B00837EB1 /* Main.storyboard */ = {
			isa = PBXVariantGroup;
			children = (
				FA0AAF7D23CB731B00837EB1 /* Base */,
			);
			name = Main.storyboard;
			sourceTree = "<group>";
		};
		FA0AAF8423CB731D00837EB1 /* LaunchScreen.storyboard */ = {
			isa = PBXVariantGroup;
			children = (
				FA0AAF8523CB731D00837EB1 /* Base */,
			);
			name = LaunchScreen.storyboard;
			sourceTree = "<group>";
		};
/* End PBXVariantGroup section */

/* Begin XCBuildConfiguration section */
		FA0AAF8823CB731D00837EB1 /* Debug */ = {
			isa = XCBuildConfiguration;
			buildSettings = {
				ALWAYS_SEARCH_USER_PATHS = NO;
				CLANG_ANALYZER_NONNULL = YES;
				CLANG_ANALYZER_NUMBER_OBJECT_CONVERSION = YES_AGGRESSIVE;
				CLANG_CXX_LANGUAGE_STANDARD = "gnu++14";
				CLANG_CXX_LIBRARY = "libc++";
				CLANG_ENABLE_MODULES = YES;
				CLANG_ENABLE_OBJC_ARC = YES;
				CLANG_ENABLE_OBJC_WEAK = YES;
				CLANG_WARN_BLOCK_CAPTURE_AUTORELEASING = YES;
				CLANG_WARN_BOOL_CONVERSION = YES;
				CLANG_WARN_COMMA = YES;
				CLANG_WARN_CONSTANT_CONVERSION = YES;
				CLANG_WARN_DEPRECATED_OBJC_IMPLEMENTATIONS = YES;
				CLANG_WARN_DIRECT_OBJC_ISA_USAGE = YES_ERROR;
				CLANG_WARN_DOCUMENTATION_COMMENTS = YES;
				CLANG_WARN_EMPTY_BODY = YES;
				CLANG_WARN_ENUM_CONVERSION = YES;
				CLANG_WARN_INFINITE_RECURSION = YES;
				CLANG_WARN_INT_CONVERSION = YES;
				CLANG_WARN_NON_LITERAL_NULL_CONVERSION = YES;
				CLANG_WARN_OBJC_IMPLICIT_RETAIN_SELF = YES;
				CLANG_WARN_OBJC_LITERAL_CONVERSION = YES;
				CLANG_WARN_OBJC_ROOT_CLASS = YES_ERROR;
				CLANG_WARN_RANGE_LOOP_ANALYSIS = YES;
				CLANG_WARN_STRICT_PROTOTYPES = YES;
				CLANG_WARN_SUSPICIOUS_MOVE = YES;
				CLANG_WARN_UNGUARDED_AVAILABILITY = YES_AGGRESSIVE;
				CLANG_WARN_UNREACHABLE_CODE = YES;
				CLANG_WARN__DUPLICATE_METHOD_MATCH = YES;
				COPY_PHASE_STRIP = NO;
				DEBUG_INFORMATION_FORMAT = dwarf;
				ENABLE_STRICT_OBJC_MSGSEND = YES;
				ENABLE_TESTABILITY = YES;
				GCC_C_LANGUAGE_STANDARD = gnu11;
				GCC_DYNAMIC_NO_PIC = NO;
				GCC_NO_COMMON_BLOCKS = YES;
				GCC_OPTIMIZATION_LEVEL = 0;
				GCC_PREPROCESSOR_DEFINITIONS = (
					"DEBUG=1",
					"$(inherited)",
				);
				GCC_WARN_64_TO_32_BIT_CONVERSION = YES;
				GCC_WARN_ABOUT_RETURN_TYPE = YES_ERROR;
				GCC_WARN_UNDECLARED_SELECTOR = YES;
				GCC_WARN_UNINITIALIZED_AUTOS = YES_AGGRESSIVE;
				GCC_WARN_UNUSED_FUNCTION = YES;
				GCC_WARN_UNUSED_VARIABLE = YES;
				IPHONEOS_DEPLOYMENT_TARGET = 13.2;
				MTL_ENABLE_DEBUG_INFO = INCLUDE_SOURCE;
				MTL_FAST_MATH = YES;
				ONLY_ACTIVE_ARCH = YES;
				SDKROOT = iphoneos;
				SWIFT_ACTIVE_COMPILATION_CONDITIONS = DEBUG;
				SWIFT_OPTIMIZATION_LEVEL = "-Onone";
			};
			name = Debug;
		};
		FA0AAF8923CB731D00837EB1 /* Release */ = {
			isa = XCBuildConfiguration;
			buildSettings = {
				ALWAYS_SEARCH_USER_PATHS = NO;
				CLANG_ANALYZER_NONNULL = YES;
				CLANG_ANALYZER_NUMBER_OBJECT_CONVERSION = YES_AGGRESSIVE;
				CLANG_CXX_LANGUAGE_STANDARD = "gnu++14";
				CLANG_CXX_LIBRARY = "libc++";
				CLANG_ENABLE_MODULES = YES;
				CLANG_ENABLE_OBJC_ARC = YES;
				CLANG_ENABLE_OBJC_WEAK = YES;
				CLANG_WARN_BLOCK_CAPTURE_AUTORELEASING = YES;
				CLANG_WARN_BOOL_CONVERSION = YES;
				CLANG_WARN_COMMA = YES;
				CLANG_WARN_CONSTANT_CONVERSION = YES;
				CLANG_WARN_DEPRECATED_OBJC_IMPLEMENTATIONS = YES;
				CLANG_WARN_DIRECT_OBJC_ISA_USAGE = YES_ERROR;
				CLANG_WARN_DOCUMENTATION_COMMENTS = YES;
				CLANG_WARN_EMPTY_BODY = YES;
				CLANG_WARN_ENUM_CONVERSION = YES;
				CLANG_WARN_INFINITE_RECURSION = YES;
				CLANG_WARN_INT_CONVERSION = YES;
				CLANG_WARN_NON_LITERAL_NULL_CONVERSION = YES;
				CLANG_WARN_OBJC_IMPLICIT_RETAIN_SELF = YES;
				CLANG_WARN_OBJC_LITERAL_CONVERSION = YES;
				CLANG_WARN_OBJC_ROOT_CLASS = YES_ERROR;
				CLANG_WARN_RANGE_LOOP_ANALYSIS = YES;
				CLANG_WARN_STRICT_PROTOTYPES = YES;
				CLANG_WARN_SUSPICIOUS_MOVE = YES;
				CLANG_WARN_UNGUARDED_AVAILABILITY = YES_AGGRESSIVE;
				CLANG_WARN_UNREACHABLE_CODE = YES;
				CLANG_WARN__DUPLICATE_METHOD_MATCH = YES;
				COPY_PHASE_STRIP = NO;
				DEBUG_INFORMATION_FORMAT = "dwarf-with-dsym";
				ENABLE_NS_ASSERTIONS = NO;
				ENABLE_STRICT_OBJC_MSGSEND = YES;
				GCC_C_LANGUAGE_STANDARD = gnu11;
				GCC_NO_COMMON_BLOCKS = YES;
				GCC_WARN_64_TO_32_BIT_CONVERSION = YES;
				GCC_WARN_ABOUT_RETURN_TYPE = YES_ERROR;
				GCC_WARN_UNDECLARED_SELECTOR = YES;
				GCC_WARN_UNINITIALIZED_AUTOS = YES_AGGRESSIVE;
				GCC_WARN_UNUSED_FUNCTION = YES;
				GCC_WARN_UNUSED_VARIABLE = YES;
				IPHONEOS_DEPLOYMENT_TARGET = 13.2;
				MTL_ENABLE_DEBUG_INFO = NO;
				MTL_FAST_MATH = YES;
				SDKROOT = iphoneos;
				SWIFT_COMPILATION_MODE = wholemodule;
				SWIFT_OPTIMIZATION_LEVEL = "-O";
				VALIDATE_PRODUCT = YES;
			};
			name = Release;
		};
		FA0AAF8B23CB731D00837EB1 /* Debug */ = {
			isa = XCBuildConfiguration;
			baseConfigurationReference = 9A1EB4C1AD4F7415900AAEAC /* Pods-SimpleStoreWithRxSwift.debug.xcconfig */;
			buildSettings = {
				ASSETCATALOG_COMPILER_APPICON_NAME = AppIcon;
				CODE_SIGN_STYLE = Automatic;
				DEVELOPMENT_TEAM = YJJWT3N6UE;
				INFOPLIST_FILE = SimpleStoreWithRxSwift/Info.plist;
				LD_RUNPATH_SEARCH_PATHS = (
					"$(inherited)",
					"@executable_path/Frameworks",
				);
				PRODUCT_BUNDLE_IDENTIFIER = AlexeyDanilov.SimpleStoreWithRxSwift;
				PRODUCT_NAME = "$(TARGET_NAME)";
				SWIFT_VERSION = 5.0;
				TARGETED_DEVICE_FAMILY = "1,2";
			};
			name = Debug;
		};
		FA0AAF8C23CB731D00837EB1 /* Release */ = {
			isa = XCBuildConfiguration;
			baseConfigurationReference = 5F3F409DC750ACB8ADA9F64D /* Pods-SimpleStoreWithRxSwift.release.xcconfig */;
			buildSettings = {
				ASSETCATALOG_COMPILER_APPICON_NAME = AppIcon;
				CODE_SIGN_STYLE = Automatic;
				DEVELOPMENT_TEAM = YJJWT3N6UE;
				INFOPLIST_FILE = SimpleStoreWithRxSwift/Info.plist;
				LD_RUNPATH_SEARCH_PATHS = (
					"$(inherited)",
					"@executable_path/Frameworks",
				);
				PRODUCT_BUNDLE_IDENTIFIER = AlexeyDanilov.SimpleStoreWithRxSwift;
				PRODUCT_NAME = "$(TARGET_NAME)";
				SWIFT_VERSION = 5.0;
				TARGETED_DEVICE_FAMILY = "1,2";
			};
			name = Release;
		};
/* End XCBuildConfiguration section */

/* Begin XCConfigurationList section */
		FA0AAF6E23CB731B00837EB1 /* Build configuration list for PBXProject "SimpleStoreWithRxSwift" */ = {
			isa = XCConfigurationList;
			buildConfigurations = (
				FA0AAF8823CB731D00837EB1 /* Debug */,
				FA0AAF8923CB731D00837EB1 /* Release */,
			);
			defaultConfigurationIsVisible = 0;
			defaultConfigurationName = Release;
		};
		FA0AAF8A23CB731D00837EB1 /* Build configuration list for PBXNativeTarget "SimpleStoreWithRxSwift" */ = {
			isa = XCConfigurationList;
			buildConfigurations = (
				FA0AAF8B23CB731D00837EB1 /* Debug */,
				FA0AAF8C23CB731D00837EB1 /* Release */,
			);
			defaultConfigurationIsVisible = 0;
			defaultConfigurationName = Release;
		};
/* End XCConfigurationList section */

/* Begin XCVersionGroup section */
		FA0AAF7F23CB731B00837EB1 /* SimpleStoreWithRxSwift.xcdatamodeld */ = {
			isa = XCVersionGroup;
			children = (
				FA0AAF8023CB731B00837EB1 /* SimpleStoreWithRxSwift.xcdatamodel */,
			);
			currentVersion = FA0AAF8023CB731B00837EB1 /* SimpleStoreWithRxSwift.xcdatamodel */;
			path = SimpleStoreWithRxSwift.xcdatamodeld;
			sourceTree = "<group>";
			versionGroupType = wrapper.xcdatamodel;
		};
/* End XCVersionGroup section */
	};
	rootObject = FA0AAF6B23CB731B00837EB1 /* Project object */;
}
